
Microsoft Visual Studio Solution File, Format Version 12.00
# Visual Studio 2012
Project("{8BC9CEB8-8B4A-11D0-8D11-00A0C91BC942}") = "Defend", "Defend.vcxproj", "{5FD7EAC5-7A36-4A09-937B-2AB616D5DB48}"
EndProject
Global
	GlobalSection(SolutionConfigurationPlatforms) = preSolution
		Debug|Win32 = Debug|Win32
		Release|Win32 = Release|Win32
	EndGlobalSection
	GlobalSection(ProjectConfigurationPlatforms) = postSolution
		{5FD7EAC5-7A36-4A09-937B-2AB616D5DB48}.Debug|Win32.ActiveCfg = Debug|Win32
		{5FD7EAC5-7A36-4A09-937B-2AB616D5DB48}.Debug|Win32.Build.0 = Debug|Win32
		{5FD7EAC5-7A36-4A09-937B-2AB616D5DB48}.Release|Win32.ActiveCfg = Release|Win32
		{5FD7EAC5-7A36-4A09-937B-2AB616D5DB48}.Release|Win32.Build.0 = Release|Win32
	EndGlobalSection
	GlobalSection(SolutionProperties) = preSolution
		HideSolutionNode = FALSE
	EndGlobalSection
EndGlobal
