
Microsoft Visual Studio Solution File, Format Version 12.00
# Visual Studio 2012
Project("{8BC9CEB8-8B4A-11D0-8D11-00A0C91BC942}") = "CarRent", "CarRent.vcxproj", "{6850CB1B-A962-45E5-9C8F-106F804835DA}"
EndProject
Global
	GlobalSection(SolutionConfigurationPlatforms) = preSolution
		Debug|Win32 = Debug|Win32
		Release|Win32 = Release|Win32
	EndGlobalSection
	GlobalSection(ProjectConfigurationPlatforms) = postSolution
		{6850CB1B-A962-45E5-9C8F-106F804835DA}.Debug|Win32.ActiveCfg = Debug|Win32
		{6850CB1B-A962-45E5-9C8F-106F804835DA}.Debug|Win32.Build.0 = Debug|Win32
		{6850CB1B-A962-45E5-9C8F-106F804835DA}.Release|Win32.ActiveCfg = Release|Win32
		{6850CB1B-A962-45E5-9C8F-106F804835DA}.Release|Win32.Build.0 = Release|Win32
	EndGlobalSection
	GlobalSection(SolutionProperties) = preSolution
		HideSolutionNode = FALSE
	EndGlobalSection
EndGlobal
